// !$*UTF8*$!
{
	archiveVersion = 1;
	classes = {
	};
	objectVersion = 55;
	objects = {

/* Begin PBXBuildFile section */
		FAC8F7D827BEFB3900A89C2B /* ImageViewButtonView.swift in Sources */ = {isa = PBXBuildFile; fileRef = FAC8F7D727BEFB3900A89C2B /* ImageViewButtonView.swift */; };
		FAC8F7DA27BEFB7300A89C2B /* ImageViewButtonView.xib in Resources */ = {isa = PBXBuildFile; fileRef = FAC8F7D927BEFB7300A89C2B /* ImageViewButtonView.xib */; };
		FAC8F7DC27BEFD4000A89C2B /* UIKitView.swift in Sources */ = {isa = PBXBuildFile; fileRef = FAC8F7DB27BEFD4000A89C2B /* UIKitView.swift */; };
		FAE93A99278B467E00DCC0F4 /* ListScreen.swift in Sources */ = {isa = PBXBuildFile; fileRef = FAE93A98278B467E00DCC0F4 /* ListScreen.swift */; };
		FAE93A9B278B469700DCC0F4 /* FirstScreen.swift in Sources */ = {isa = PBXBuildFile; fileRef = FAE93A9A278B469700DCC0F4 /* FirstScreen.swift */; };
		FAE93A9D278B46D700DCC0F4 /* TabWithModalScreen.swift in Sources */ = {isa = PBXBuildFile; fileRef = FAE93A9C278B46D700DCC0F4 /* TabWithModalScreen.swift */; };
		FAE93A9F278B47F000DCC0F4 /* ListSubScreen.swift in Sources */ = {isa = PBXBuildFile; fileRef = FAE93A9E278B47F000DCC0F4 /* ListSubScreen.swift */; };
		FAE93AA1278B493200DCC0F4 /* ContentViewModel.swift in Sources */ = {isa = PBXBuildFile; fileRef = FAE93AA0278B493200DCC0F4 /* ContentViewModel.swift */; };
		FAE93AA3278B4D0A00DCC0F4 /* ModalScreen.swift in Sources */ = {isa = PBXBuildFile; fileRef = FAE93AA2278B4D0A00DCC0F4 /* ModalScreen.swift */; };
		FAEF3DBE2789BAC7001FC521 /* otus_1testappApp.swift in Sources */ = {isa = PBXBuildFile; fileRef = FAEF3DBD2789BAC7001FC521 /* otus_1testappApp.swift */; };
		FAEF3DC02789BAC7001FC521 /* ContentView.swift in Sources */ = {isa = PBXBuildFile; fileRef = FAEF3DBF2789BAC7001FC521 /* ContentView.swift */; };
		FAEF3DC22789BAC8001FC521 /* Assets.xcassets in Resources */ = {isa = PBXBuildFile; fileRef = FAEF3DC12789BAC8001FC521 /* Assets.xcassets */; };
		FAEF3DC52789BAC8001FC521 /* Preview Assets.xcassets in Resources */ = {isa = PBXBuildFile; fileRef = FAEF3DC42789BAC8001FC521 /* Preview Assets.xcassets */; };
/* End PBXBuildFile section */

/* Begin PBXFileReference section */
		FAC8F7D727BEFB3900A89C2B /* ImageViewButtonView.swift */ = {isa = PBXFileReference; lastKnownFileType = sourcecode.swift; path = ImageViewButtonView.swift; sourceTree = "<group>"; };
		FAC8F7D927BEFB7300A89C2B /* ImageViewButtonView.xib */ = {isa = PBXFileReference; lastKnownFileType = file.xib; path = ImageViewButtonView.xib; sourceTree = "<group>"; };
		FAC8F7DB27BEFD4000A89C2B /* UIKitView.swift */ = {isa = PBXFileReference; lastKnownFileType = sourcecode.swift; path = UIKitView.swift; sourceTree = "<group>"; };
		FAE93A98278B467E00DCC0F4 /* ListScreen.swift */ = {isa = PBXFileReference; lastKnownFileType = sourcecode.swift; path = ListScreen.swift; sourceTree = "<group>"; };
		FAE93A9A278B469700DCC0F4 /* FirstScreen.swift */ = {isa = PBXFileReference; lastKnownFileType = sourcecode.swift; path = FirstScreen.swift; sourceTree = "<group>"; };
		FAE93A9C278B46D700DCC0F4 /* TabWithModalScreen.swift */ = {isa = PBXFileReference; lastKnownFileType = sourcecode.swift; path = TabWithModalScreen.swift; sourceTree = "<group>"; };
		FAE93A9E278B47F000DCC0F4 /* ListSubScreen.swift */ = {isa = PBXFileReference; lastKnownFileType = sourcecode.swift; path = ListSubScreen.swift; sourceTree = "<group>"; };
		FAE93AA0278B493200DCC0F4 /* ContentViewModel.swift */ = {isa = PBXFileReference; lastKnownFileType = sourcecode.swift; path = ContentViewModel.swift; sourceTree = "<group>"; };
		FAE93AA2278B4D0A00DCC0F4 /* ModalScreen.swift */ = {isa = PBXFileReference; lastKnownFileType = sourcecode.swift; path = ModalScreen.swift; sourceTree = "<group>"; };
		FAEF3DBA2789BAC7001FC521 /* otus.1testapp.app */ = {isa = PBXFileReference; explicitFileType = wrapper.application; includeInIndex = 0; path = otus.1testapp.app; sourceTree = BUILT_PRODUCTS_DIR; };
		FAEF3DBD2789BAC7001FC521 /* otus_1testappApp.swift */ = {isa = PBXFileReference; lastKnownFileType = sourcecode.swift; path = otus_1testappApp.swift; sourceTree = "<group>"; };
		FAEF3DBF2789BAC7001FC521 /* ContentView.swift */ = {isa = PBXFileReference; lastKnownFileType = sourcecode.swift; path = ContentView.swift; sourceTree = "<group>"; };
		FAEF3DC12789BAC8001FC521 /* Assets.xcassets */ = {isa = PBXFileReference; lastKnownFileType = folder.assetcatalog; path = Assets.xcassets; sourceTree = "<group>"; };
		FAEF3DC42789BAC8001FC521 /* Preview Assets.xcassets */ = {isa = PBXFileReference; lastKnownFileType = folder.assetcatalog; path = "Preview Assets.xcassets"; sourceTree = "<group>"; };
/* End PBXFileReference section */

/* Begin PBXFrameworksBuildPhase section */
		FAEF3DB72789BAC7001FC521 /* Frameworks */ = {
			isa = PBXFrameworksBuildPhase;
			buildActionMask = 2147483647;
			files = (
			);
			runOnlyForDeploymentPostprocessing = 0;
		};
/* End PBXFrameworksBuildPhase section */

/* Begin PBXGroup section */
		FA32373827BAEF8400934E6A /* Screens */ = {
			isa = PBXGroup;
			children = (
				FAE93A9A278B469700DCC0F4 /* FirstScreen.swift */,
				FAE93A98278B467E00DCC0F4 /* ListScreen.swift */,
				FAE93A9E278B47F000DCC0F4 /* ListSubScreen.swift */,
				FAE93A9C278B46D700DCC0F4 /* TabWithModalScreen.swift */,
				FAE93AA2278B4D0A00DCC0F4 /* ModalScreen.swift */,
			);
			path = Screens;
			sourceTree = "<group>";
		};
		FAC8F7D627BEEAD900A89C2B /* View */ = {
			isa = PBXGroup;
			children = (
				FAC8F7D727BEFB3900A89C2B /* ImageViewButtonView.swift */,
				FAC8F7D927BEFB7300A89C2B /* ImageViewButtonView.xib */,
				FAC8F7DB27BEFD4000A89C2B /* UIKitView.swift */,
			);
			path = View;
			sourceTree = "<group>";
		};
		FAEF3DB12789BAC7001FC521 = {
			isa = PBXGroup;
			children = (
				FAEF3DBC2789BAC7001FC521 /* otus.1testapp */,
				FAEF3DBB2789BAC7001FC521 /* Products */,
			);
			sourceTree = "<group>";
		};
		FAEF3DBB2789BAC7001FC521 /* Products */ = {
			isa = PBXGroup;
			children = (
				FAEF3DBA2789BAC7001FC521 /* otus.1testapp.app */,
			);
			name = Products;
			sourceTree = "<group>";
		};
		FAEF3DBC2789BAC7001FC521 /* otus.1testapp */ = {
			isa = PBXGroup;
			children = (
				FAEF3DBD2789BAC7001FC521 /* otus_1testappApp.swift */,
				FAEF3DBF2789BAC7001FC521 /* ContentView.swift */,
				FAE93AA0278B493200DCC0F4 /* ContentViewModel.swift */,
				FAC8F7D627BEEAD900A89C2B /* View */,
				FA32373827BAEF8400934E6A /* Screens */,
				FAEF3DC12789BAC8001FC521 /* Assets.xcassets */,
				FAEF3DC32789BAC8001FC521 /* Preview Content */,
			);
			path = otus.1testapp;
			sourceTree = "<group>";
		};
		FAEF3DC32789BAC8001FC521 /* Preview Content */ = {
			isa = PBXGroup;
			children = (
				FAEF3DC42789BAC8001FC521 /* Preview Assets.xcassets */,
			);
			path = "Preview Content";
			sourceTree = "<group>";
		};
/* End PBXGroup section */

/* Begin PBXNativeTarget section */
		FAEF3DB92789BAC7001FC521 /* otus.1testapp */ = {
			isa = PBXNativeTarget;
			buildConfigurationList = FAEF3DC82789BAC8001FC521 /* Build configuration list for PBXNativeTarget "otus.1testapp" */;
			buildPhases = (
				FAEF3DB62789BAC7001FC521 /* Sources */,
				FAEF3DB72789BAC7001FC521 /* Frameworks */,
				FAEF3DB82789BAC7001FC521 /* Resources */,
			);
			buildRules = (
			);
			dependencies = (
			);
			name = otus.1testapp;
			productName = otus.1testapp;
			productReference = FAEF3DBA2789BAC7001FC521 /* otus.1testapp.app */;
			productType = "com.apple.product-type.application";
		};
/* End PBXNativeTarget section */

/* Begin PBXProject section */
		FAEF3DB22789BAC7001FC521 /* Project object */ = {
			isa = PBXProject;
			attributes = {
				BuildIndependentTargetsInParallel = 1;
				LastSwiftUpdateCheck = 1320;
				LastUpgradeCheck = 1320;
				TargetAttributes = {
					FAEF3DB92789BAC7001FC521 = {
						CreatedOnToolsVersion = 13.2.1;
					};
				};
			};
			buildConfigurationList = FAEF3DB52789BAC7001FC521 /* Build configuration list for PBXProject "otus.1testapp" */;
			compatibilityVersion = "Xcode 13.0";
			developmentRegion = en;
			hasScannedForEncodings = 0;
			knownRegions = (
				en,
				Base,
			);
			mainGroup = FAEF3DB12789BAC7001FC521;
			productRefGroup = FAEF3DBB2789BAC7001FC521 /* Products */;
			projectDirPath = "";
			projectRoot = "";
			targets = (
				FAEF3DB92789BAC7001FC521 /* otus.1testapp */,
			);
		};
/* End PBXProject section */

/* Begin PBXResourcesBuildPhase section */
		FAEF3DB82789BAC7001FC521 /* Resources */ = {
			isa = PBXResourcesBuildPhase;
			buildActionMask = 2147483647;
			files = (
				FAEF3DC52789BAC8001FC521 /* Preview Assets.xcassets in Resources */,
				FAEF3DC22789BAC8001FC521 /* Assets.xcassets in Resources */,
				FAC8F7DA27BEFB7300A89C2B /* ImageViewButtonView.xib in Resources */,
			);
			runOnlyForDeploymentPostprocessing = 0;
		};
/* End PBXResourcesBuildPhase section */

/* Begin PBXSourcesBuildPhase section */
		FAEF3DB62789BAC7001FC521 /* Sources */ = {
			isa = PBXSourcesBuildPhase;
			buildActionMask = 2147483647;
			files = (
				FAC8F7D827BEFB3900A89C2B /* ImageViewButtonView.swift in Sources */,
				FAEF3DC02789BAC7001FC521 /* ContentView.swift in Sources */,
				FAE93AA3278B4D0A00DCC0F4 /* ModalScreen.swift in Sources */,
				FAE93A9B278B469700DCC0F4 /* FirstScreen.swift in Sources */,
				FAE93A99278B467E00DCC0F4 /* ListScreen.swift in Sources */,
				FAE93AA1278B493200DCC0F4 /* ContentViewModel.swift in Sources */,
				FAE93A9D278B46D700DCC0F4 /* TabWithModalScreen.swift in Sources */,
				FAE93A9F278B47F000DCC0F4 /* ListSubScreen.swift in Sources */,
				FAEF3DBE2789BAC7001FC521 /* otus_1testappApp.swift in Sources */,
				FAC8F7DC27BEFD4000A89C2B /* UIKitView.swift in Sources */,
			);
			runOnlyForDeploymentPostprocessing = 0;
		};
/* End PBXSourcesBuildPhase section */

/* Begin XCBuildConfiguration section */
		FAEF3DC62789BAC8001FC521 /* Debug */ = {
			isa = XCBuildConfiguration;
			buildSettings = {
				ALWAYS_SEARCH_USER_PATHS = NO;
				CLANG_ANALYZER_NONNULL = YES;
				CLANG_ANALYZER_NUMBER_OBJECT_CONVERSION = YES_AGGRESSIVE;
				CLANG_CXX_LANGUAGE_STANDARD = "gnu++17";
				CLANG_CXX_LIBRARY = "libc++";
				CLANG_ENABLE_MODULES = YES;
				CLANG_ENABLE_OBJC_ARC = YES;
				CLANG_ENABLE_OBJC_WEAK = YES;
				CLANG_WARN_BLOCK_CAPTURE_AUTORELEASING = YES;
				CLANG_WARN_BOOL_CONVERSION = YES;
				CLANG_WARN_COMMA = YES;
				CLANG_WARN_CONSTANT_CONVERSION = YES;
				CLANG_WARN_DEPRECATED_OBJC_IMPLEMENTATIONS = YES;
				CLANG_WARN_DIRECT_OBJC_ISA_USAGE = YES_ERROR;
				CLANG_WARN_DOCUMENTATION_COMMENTS = YES;
				CLANG_WARN_EMPTY_BODY = YES;
				CLANG_WARN_ENUM_CONVERSION = YES;
				CLANG_WARN_INFINITE_RECURSION = YES;
				CLANG_WARN_INT_CONVERSION = YES;
				CLANG_WARN_NON_LITERAL_NULL_CONVERSION = YES;
				CLANG_WARN_OBJC_IMPLICIT_RETAIN_SELF = YES;
				CLANG_WARN_OBJC_LITERAL_CONVERSION = YES;
				CLANG_WARN_OBJC_ROOT_CLASS = YES_ERROR;
				CLANG_WARN_QUOTED_INCLUDE_IN_FRAMEWORK_HEADER = YES;
				CLANG_WARN_RANGE_LOOP_ANALYSIS = YES;
				CLANG_WARN_STRICT_PROTOTYPES = YES;
				CLANG_WARN_SUSPICIOUS_MOVE = YES;
				CLANG_WARN_UNGUARDED_AVAILABILITY = YES_AGGRESSIVE;
				CLANG_WARN_UNREACHABLE_CODE = YES;
				CLANG_WARN__DUPLICATE_METHOD_MATCH = YES;
				COPY_PHASE_STRIP = NO;
				DEBUG_INFORMATION_FORMAT = dwarf;
				ENABLE_STRICT_OBJC_MSGSEND = YES;
				ENABLE_TESTABILITY = YES;
				GCC_C_LANGUAGE_STANDARD = gnu11;
				GCC_DYNAMIC_NO_PIC = NO;
				GCC_NO_COMMON_BLOCKS = YES;
				GCC_OPTIMIZATION_LEVEL = 0;
				GCC_PREPROCESSOR_DEFINITIONS = (
					"DEBUG=1",
					"$(inherited)",
				);
				GCC_WARN_64_TO_32_BIT_CONVERSION = YES;
				GCC_WARN_ABOUT_RETURN_TYPE = YES_ERROR;
				GCC_WARN_UNDECLARED_SELECTOR = YES;
				GCC_WARN_UNINITIALIZED_AUTOS = YES_AGGRESSIVE;
				GCC_WARN_UNUSED_FUNCTION = YES;
				GCC_WARN_UNUSED_VARIABLE = YES;
				IPHONEOS_DEPLOYMENT_TARGET = 15.2;
				MTL_ENABLE_DEBUG_INFO = INCLUDE_SOURCE;
				MTL_FAST_MATH = YES;
				ONLY_ACTIVE_ARCH = YES;
				SDKROOT = iphoneos;
				SWIFT_ACTIVE_COMPILATION_CONDITIONS = DEBUG;
				SWIFT_OPTIMIZATION_LEVEL = "-Onone";
			};
			name = Debug;
		};
		FAEF3DC72789BAC8001FC521 /* Release */ = {
			isa = XCBuildConfiguration;
			buildSettings = {
				ALWAYS_SEARCH_USER_PATHS = NO;
				CLANG_ANALYZER_NONNULL = YES;
				CLANG_ANALYZER_NUMBER_OBJECT_CONVERSION = YES_AGGRESSIVE;
				CLANG_CXX_LANGUAGE_STANDARD = "gnu++17";
				CLANG_CXX_LIBRARY = "libc++";
				CLANG_ENABLE_MODULES = YES;
				CLANG_ENABLE_OBJC_ARC = YES;
				CLANG_ENABLE_OBJC_WEAK = YES;
				CLANG_WARN_BLOCK_CAPTURE_AUTORELEASING = YES;
				CLANG_WARN_BOOL_CONVERSION = YES;
				CLANG_WARN_COMMA = YES;
				CLANG_WARN_CONSTANT_CONVERSION = YES;
				CLANG_WARN_DEPRECATED_OBJC_IMPLEMENTATIONS = YES;
				CLANG_WARN_DIRECT_OBJC_ISA_USAGE = YES_ERROR;
				CLANG_WARN_DOCUMENTATION_COMMENTS = YES;
				CLANG_WARN_EMPTY_BODY = YES;
				CLANG_WARN_ENUM_CONVERSION = YES;
				CLANG_WARN_INFINITE_RECURSION = YES;
				CLANG_WARN_INT_CONVERSION = YES;
				CLANG_WARN_NON_LITERAL_NULL_CONVERSION = YES;
				CLANG_WARN_OBJC_IMPLICIT_RETAIN_SELF = YES;
				CLANG_WARN_OBJC_LITERAL_CONVERSION = YES;
				CLANG_WARN_OBJC_ROOT_CLASS = YES_ERROR;
				CLANG_WARN_QUOTED_INCLUDE_IN_FRAMEWORK_HEADER = YES;
				CLANG_WARN_RANGE_LOOP_ANALYSIS = YES;
				CLANG_WARN_STRICT_PROTOTYPES = YES;
				CLANG_WARN_SUSPICIOUS_MOVE = YES;
				CLANG_WARN_UNGUARDED_AVAILABILITY = YES_AGGRESSIVE;
				CLANG_WARN_UNREACHABLE_CODE = YES;
				CLANG_WARN__DUPLICATE_METHOD_MATCH = YES;
				COPY_PHASE_STRIP = NO;
				DEBUG_INFORMATION_FORMAT = "dwarf-with-dsym";
				ENABLE_NS_ASSERTIONS = NO;
				ENABLE_STRICT_OBJC_MSGSEND = YES;
				GCC_C_LANGUAGE_STANDARD = gnu11;
				GCC_NO_COMMON_BLOCKS = YES;
				GCC_WARN_64_TO_32_BIT_CONVERSION = YES;
				GCC_WARN_ABOUT_RETURN_TYPE = YES_ERROR;
				GCC_WARN_UNDECLARED_SELECTOR = YES;
				GCC_WARN_UNINITIALIZED_AUTOS = YES_AGGRESSIVE;
				GCC_WARN_UNUSED_FUNCTION = YES;
				GCC_WARN_UNUSED_VARIABLE = YES;
				IPHONEOS_DEPLOYMENT_TARGET = 15.2;
				MTL_ENABLE_DEBUG_INFO = NO;
				MTL_FAST_MATH = YES;
				SDKROOT = iphoneos;
				SWIFT_COMPILATION_MODE = wholemodule;
				SWIFT_OPTIMIZATION_LEVEL = "-O";
				VALIDATE_PRODUCT = YES;
			};
			name = Release;
		};
		FAEF3DC92789BAC8001FC521 /* Debug */ = {
			isa = XCBuildConfiguration;
			buildSettings = {
				ASSETCATALOG_COMPILER_APPICON_NAME = AppIcon;
				ASSETCATALOG_COMPILER_GLOBAL_ACCENT_COLOR_NAME = AccentColor;
				CODE_SIGN_STYLE = Automatic;
				CURRENT_PROJECT_VERSION = 1;
				DEVELOPMENT_ASSET_PATHS = "\"otus.1testapp/Preview Content\"";
				DEVELOPMENT_TEAM = ZK943LB6V2;
				ENABLE_PREVIEWS = YES;
				GENERATE_INFOPLIST_FILE = YES;
				INFOPLIST_KEY_UIApplicationSceneManifest_Generation = YES;
				INFOPLIST_KEY_UIApplicationSupportsIndirectInputEvents = YES;
				INFOPLIST_KEY_UILaunchScreen_Generation = YES;
				INFOPLIST_KEY_UISupportedInterfaceOrientations_iPad = "UIInterfaceOrientationPortrait UIInterfaceOrientationPortraitUpsideDown UIInterfaceOrientationLandscapeLeft UIInterfaceOrientationLandscapeRight";
				INFOPLIST_KEY_UISupportedInterfaceOrientations_iPhone = "UIInterfaceOrientationPortrait UIInterfaceOrientationLandscapeLeft UIInterfaceOrientationLandscapeRight";
				LD_RUNPATH_SEARCH_PATHS = (
					"$(inherited)",
					"@executable_path/Frameworks",
				);
				MARKETING_VERSION = 1.0;
				PRODUCT_BUNDLE_IDENTIFIER = "vivshin.otus-1testapp";
				PRODUCT_NAME = "$(TARGET_NAME)";
				SWIFT_EMIT_LOC_STRINGS = YES;
				SWIFT_VERSION = 5.0;
				TARGETED_DEVICE_FAMILY = "1,2";
			};
			name = Debug;
		};
		FAEF3DCA2789BAC8001FC521 /* Release */ = {
			isa = XCBuildConfiguration;
			buildSettings = {
				ASSETCATALOG_COMPILER_APPICON_NAME = AppIcon;
				ASSETCATALOG_COMPILER_GLOBAL_ACCENT_COLOR_NAME = AccentColor;
				CODE_SIGN_STYLE = Automatic;
				CURRENT_PROJECT_VERSION = 1;
				DEVELOPMENT_ASSET_PATHS = "\"otus.1testapp/Preview Content\"";
				DEVELOPMENT_TEAM = ZK943LB6V2;
				ENABLE_PREVIEWS = YES;
				GENERATE_INFOPLIST_FILE = YES;
				INFOPLIST_KEY_UIApplicationSceneManifest_Generation = YES;
				INFOPLIST_KEY_UIApplicationSupportsIndirectInputEvents = YES;
				INFOPLIST_KEY_UILaunchScreen_Generation = YES;
				INFOPLIST_KEY_UISupportedInterfaceOrientations_iPad = "UIInterfaceOrientationPortrait UIInterfaceOrientationPortraitUpsideDown UIInterfaceOrientationLandscapeLeft UIInterfaceOrientationLandscapeRight";
				INFOPLIST_KEY_UISupportedInterfaceOrientations_iPhone = "UIInterfaceOrientationPortrait UIInterfaceOrientationLandscapeLeft UIInterfaceOrientationLandscapeRight";
				LD_RUNPATH_SEARCH_PATHS = (
					"$(inherited)",
					"@executable_path/Frameworks",
				);
				MARKETING_VERSION = 1.0;
				PRODUCT_BUNDLE_IDENTIFIER = "vivshin.otus-1testapp";
				PRODUCT_NAME = "$(TARGET_NAME)";
				SWIFT_EMIT_LOC_STRINGS = YES;
				SWIFT_VERSION = 5.0;
				TARGETED_DEVICE_FAMILY = "1,2";
			};
			name = Release;
		};
/* End XCBuildConfiguration section */

/* Begin XCConfigurationList section */
		FAEF3DB52789BAC7001FC521 /* Build configuration list for PBXProject "otus.1testapp" */ = {
			isa = XCConfigurationList;
			buildConfigurations = (
				FAEF3DC62789BAC8001FC521 /* Debug */,
				FAEF3DC72789BAC8001FC521 /* Release */,
			);
			defaultConfigurationIsVisible = 0;
			defaultConfigurationName = Release;
		};
		FAEF3DC82789BAC8001FC521 /* Build configuration list for PBXNativeTarget "otus.1testapp" */ = {
			isa = XCConfigurationList;
			buildConfigurations = (
				FAEF3DC92789BAC8001FC521 /* Debug */,
				FAEF3DCA2789BAC8001FC521 /* Release */,
			);
			defaultConfigurationIsVisible = 0;
			defaultConfigurationName = Release;
		};
/* End XCConfigurationList section */
	};
	rootObject = FAEF3DB22789BAC7001FC521 /* Project object */;
}
